
Microsoft Visual Studio Solution File, Format Version 12.00
# Visual Studio 14
VisualStudioVersion = 14.0.25420.1
MinimumVisualStudioVersion = 10.0.40219.1
Project("{FAE04EC0-301F-11D3-BF4B-00C04F79EFBC}") = "Kentico.Glimpse", "src\Kentico.Glimpse\Kentico.Glimpse.csproj", "{1AC38F52-AC2C-4F54-B2F9-0B065D946233}"
EndProject
Project("{FAE04EC0-301F-11D3-BF4B-00C04F79EFBC}") = "Kentico.Newsletters", "src\Kentico.Newsletters\Kentico.Newsletters.csproj", "{22F091F3-C31D-488A-A423-6FCC94924D6C}"
EndProject
Project("{FAE04EC0-301F-11D3-BF4B-00C04F79EFBC}") = "Kentico.Search", "src\Kentico.Search\Kentico.Search.csproj", "{1FFEF41A-DB53-4353-AE78-15E128F72B8F}"
EndProject
Project("{FAE04EC0-301F-11D3-BF4B-00C04F79EFBC}") = "Kentico.Web.Mvc", "src\Kentico.Web.Mvc\Kentico.Web.Mvc.csproj", "{58EDC0E7-C978-498B-855D-3461D75E0CA7}"
EndProject
Project("{FAE04EC0-301F-11D3-BF4B-00C04F79EFBC}") = "DancingGoat", "src\DancingGoat\DancingGoat.csproj", "{AB4B1AB1-1552-494E-B0CC-306E12C8B8D9}"
EndProject
Project("{FAE04EC0-301F-11D3-BF4B-00C04F79EFBC}") = "DancingGoat.Tests", "test\DancingGoat.Tests\DancingGoat.Tests.csproj", "{8A7673AF-1986-4D07-A168-03775F4EED76}"
EndProject
Project("{FAE04EC0-301F-11D3-BF4B-00C04F79EFBC}") = "Kentico.Glimpse.Tests", "test\Kentico.Glimpse.Tests\Kentico.Glimpse.Tests.csproj", "{748A95EC-BC8C-4E46-A531-6195CAA94C35}"
EndProject
Project("{FAE04EC0-301F-11D3-BF4B-00C04F79EFBC}") = "Kentico.Web.Mvc.Tests", "test\Kentico.Web.Mvc.Tests\Kentico.Web.Mvc.Tests.csproj", "{50155485-B107-494B-A286-4607F81F85F6}"
EndProject
Project("{2150E333-8FDC-42A3-9474-1A3956D46DE8}") = "src", "src", "{481AF8E8-7EF0-474E-A12A-566420FAC699}"
EndProject
Project("{2150E333-8FDC-42A3-9474-1A3956D46DE8}") = "test", "test", "{1AFC370C-1EBB-4895-A5F3-ADCD359F2DB8}"
EndProject
Project("{FAE04EC0-301F-11D3-BF4B-00C04F79EFBC}") = "Kentico.Ecommerce", "src\Kentico.Ecommerce\Kentico.Ecommerce.csproj", "{7E159DB2-65F2-4713-8289-22F0A34BCB0B}"
EndProject
Project("{FAE04EC0-301F-11D3-BF4B-00C04F79EFBC}") = "Kentico.Membership", "src\Kentico.Membership\Kentico.Membership.csproj", "{FBDAAD92-2E23-4C73-BDE9-F6FA7A21B293}"
EndProject
Project("{FAE04EC0-301F-11D3-BF4B-00C04F79EFBC}") = "Kentico.Membership.Tests", "test\Kentico.Membership.Tests\Kentico.Membership.Tests.csproj", "{5E1A8EF6-B600-4DD1-9DC8-A91AD888D539}"
EndProject
Project("{2150E333-8FDC-42A3-9474-1A3956D46DE8}") = "internal", "internal", "{BD9EC98E-7B02-4310-B29B-639E7C6DFBF6}"
EndProject
Project("{FAE04EC0-301F-11D3-BF4B-00C04F79EFBC}") = "Sandbox", "internal\Sandbox\Sandbox.csproj", "{F131F71F-83DC-4019-95FF-D740595DA3EE}"
EndProject
Project("{FAE04EC0-301F-11D3-BF4B-00C04F79EFBC}") = "Kentico.ContactManagement", "src\Kentico.ContactManagement\Kentico.ContactManagement.csproj", "{ACB6A9AA-30F7-40E5-8617-0E6438C78B8D}"
EndProject
Project("{FAE04EC0-301F-11D3-BF4B-00C04F79EFBC}") = "Kentico.Ecommerce.Tests", "test\Kentico.Ecommerce.Tests\Kentico.Ecommerce.Tests.csproj", "{9FAB0F5F-31E6-4C91-B97D-E45D24B35E3C}"
EndProject
Project("{FAE04EC0-301F-11D3-BF4B-00C04F79EFBC}") = "Kentico.ContactManagement.Tests", "test\Kentico.ContactManagement.Tests\Kentico.ContactManagement.Tests.csproj", "{0F48E5D1-3504-42F9-9F69-6D214E178612}"
EndProject
Project("{2150E333-8FDC-42A3-9474-1A3956D46DE8}") = "samples", "samples", "{51FCCE92-3B5D-4764-BDAC-BAA4624C5335}"
EndProject
Project("{FAE04EC0-301F-11D3-BF4B-00C04F79EFBC}") = "LearningKit", "samples\LearningKit\LearningKit.csproj", "{3561E1B0-8BF6-4187-A581-1B0801168CDD}"
EndProject
Project("{FAE04EC0-301F-11D3-BF4B-00C04F79EFBC}") = "Kentico.Activities", "src\Kentico.Activities\Kentico.Activities.csproj", "{3FF2D397-D4BD-4A97-AA2B-6014BF32D70C}"
EndProject
Project("{FAE04EC0-301F-11D3-BF4B-00C04F79EFBC}") = "Kentico.Activities.Tests", "test\Kentico.Activities.Tests\Kentico.Activities.Tests.csproj", "{D338F445-9284-4B3B-8675-63318B380A9A}"
EndProject
Project("{FAE04EC0-301F-11D3-BF4B-00C04F79EFBC}") = "Kentico.Search.Tests", "test\Kentico.Search.Tests\Kentico.Search.Tests.csproj", "{D6C3B262-B91D-42F1-9B91-45E73BB6CB63}"
EndProject
Project("{FAE04EC0-301F-11D3-BF4B-00C04F79EFBC}") = "Kentico.Newsletters.Tests", "test\Kentico.Newsletters.Tests\Kentico.Newsletters.Tests.csproj", "{F989F68F-3023-4DE9-9CA7-E02B0425B8A3}"
EndProject
Project("{FAE04EC0-301F-11D3-BF4B-00C04F79EFBC}") = "Kentico.MediaLibrary", "src\Kentico.MediaLibrary\Kentico.MediaLibrary.csproj", "{DCAA1096-AA1D-4A70-9B14-77EE7714E12A}"
EndProject
Project("{FAE04EC0-301F-11D3-BF4B-00C04F79EFBC}") = "Kentico.MediaLibrary.Tests", "test\Kentico.MediaLibrary\Kentico.MediaLibrary.Tests.csproj", "{DBEA1849-491F-49A8-9F08-F369A1B8F428}"
EndProject
Project("{FAE04EC0-301F-11D3-BF4B-00C04F79EFBC}") = "Kentico.CampaignLogging.Web.Mvc", "src\Kentico.CampaignLogging.Web.Mvc\Kentico.CampaignLogging.Web.Mvc.csproj", "{E721B72A-3C32-4A0D-BB03-E4EB1756AAFE}"
EndProject
Project("{FAE04EC0-301F-11D3-BF4B-00C04F79EFBC}") = "Kentico.Core", "src\Kentico.Core\Kentico.Core.csproj", "{13B34040-A1CC-49F9-ABFD-38F39664CF9F}"
EndProject
Project("{FAE04EC0-301F-11D3-BF4B-00C04F79EFBC}") = "Kentico.Newsletters.Web.Mvc", "src\Kentico.Newsletters.Web.Mvc\Kentico.Newsletters.Web.Mvc.csproj", "{B0030411-D30A-46E3-A247-EEEAF268D178}"
EndProject
Project("{FAE04EC0-301F-11D3-BF4B-00C04F79EFBC}") = "Kentico.Newsletters.Web.Mvc.Tests", "test\Kentico.Newsletters.Web.Mvc.Tests\Kentico.Newsletters.Web.Mvc.Tests.csproj", "{EE07E3ED-6822-4CFD-898B-F07C524A585D}"
EndProject
Project("{FAE04EC0-301F-11D3-BF4B-00C04F79EFBC}") = "Kentico.Content.Web.Mvc", "src\Kentico.Content.Web.Mvc\Kentico.Content.Web.Mvc.csproj", "{430A1ADD-4583-459F-879C-A22A61E44A3B}"
EndProject
Project("{FAE04EC0-301F-11D3-BF4B-00C04F79EFBC}") = "Kentico.Content.Web.Mvc.Tests", "test\Kentico.Content.Web.Mvc.Tests\Kentico.Content.Web.Mvc.Tests.csproj", "{CC70142F-F75B-4F10-83F8-E785BCB15029}"
EndProject
Project("{FAE04EC0-301F-11D3-BF4B-00C04F79EFBC}") = "Kentico.Activities.Web.Mvc", "src\Kentico.Activities.Web.Mvc\Kentico.Activities.Web.Mvc.csproj", "{23931D6F-D0A7-45FF-B238-EF392015B55C}"
EndProject
Global
	GlobalSection(SolutionConfigurationPlatforms) = preSolution
		Debug|Any CPU = Debug|Any CPU
		Release|Any CPU = Release|Any CPU
	EndGlobalSection
	GlobalSection(ProjectConfigurationPlatforms) = postSolution
		{1AC38F52-AC2C-4F54-B2F9-0B065D946233}.Debug|Any CPU.ActiveCfg = Debug|Any CPU
		{1AC38F52-AC2C-4F54-B2F9-0B065D946233}.Debug|Any CPU.Build.0 = Debug|Any CPU
		{1AC38F52-AC2C-4F54-B2F9-0B065D946233}.Release|Any CPU.ActiveCfg = Release|Any CPU
		{1AC38F52-AC2C-4F54-B2F9-0B065D946233}.Release|Any CPU.Build.0 = Release|Any CPU
		{22F091F3-C31D-488A-A423-6FCC94924D6C}.Debug|Any CPU.ActiveCfg = Debug|Any CPU
		{22F091F3-C31D-488A-A423-6FCC94924D6C}.Debug|Any CPU.Build.0 = Debug|Any CPU
		{22F091F3-C31D-488A-A423-6FCC94924D6C}.Release|Any CPU.ActiveCfg = Release|Any CPU
		{22F091F3-C31D-488A-A423-6FCC94924D6C}.Release|Any CPU.Build.0 = Release|Any CPU
		{1FFEF41A-DB53-4353-AE78-15E128F72B8F}.Debug|Any CPU.ActiveCfg = Debug|Any CPU
		{1FFEF41A-DB53-4353-AE78-15E128F72B8F}.Debug|Any CPU.Build.0 = Debug|Any CPU
		{1FFEF41A-DB53-4353-AE78-15E128F72B8F}.Release|Any CPU.ActiveCfg = Release|Any CPU
		{1FFEF41A-DB53-4353-AE78-15E128F72B8F}.Release|Any CPU.Build.0 = Release|Any CPU
		{58EDC0E7-C978-498B-855D-3461D75E0CA7}.Debug|Any CPU.ActiveCfg = Debug|Any CPU
		{58EDC0E7-C978-498B-855D-3461D75E0CA7}.Debug|Any CPU.Build.0 = Debug|Any CPU
		{58EDC0E7-C978-498B-855D-3461D75E0CA7}.Release|Any CPU.ActiveCfg = Release|Any CPU
		{58EDC0E7-C978-498B-855D-3461D75E0CA7}.Release|Any CPU.Build.0 = Release|Any CPU
		{AB4B1AB1-1552-494E-B0CC-306E12C8B8D9}.Debug|Any CPU.ActiveCfg = Debug|Any CPU
		{AB4B1AB1-1552-494E-B0CC-306E12C8B8D9}.Debug|Any CPU.Build.0 = Debug|Any CPU
		{AB4B1AB1-1552-494E-B0CC-306E12C8B8D9}.Release|Any CPU.ActiveCfg = Release|Any CPU
		{AB4B1AB1-1552-494E-B0CC-306E12C8B8D9}.Release|Any CPU.Build.0 = Release|Any CPU
		{8A7673AF-1986-4D07-A168-03775F4EED76}.Debug|Any CPU.ActiveCfg = Debug|Any CPU
		{8A7673AF-1986-4D07-A168-03775F4EED76}.Debug|Any CPU.Build.0 = Debug|Any CPU
		{8A7673AF-1986-4D07-A168-03775F4EED76}.Release|Any CPU.ActiveCfg = Release|Any CPU
		{8A7673AF-1986-4D07-A168-03775F4EED76}.Release|Any CPU.Build.0 = Release|Any CPU
		{748A95EC-BC8C-4E46-A531-6195CAA94C35}.Debug|Any CPU.ActiveCfg = Debug|Any CPU
		{748A95EC-BC8C-4E46-A531-6195CAA94C35}.Debug|Any CPU.Build.0 = Debug|Any CPU
		{748A95EC-BC8C-4E46-A531-6195CAA94C35}.Release|Any CPU.ActiveCfg = Release|Any CPU
		{748A95EC-BC8C-4E46-A531-6195CAA94C35}.Release|Any CPU.Build.0 = Release|Any CPU
		{50155485-B107-494B-A286-4607F81F85F6}.Debug|Any CPU.ActiveCfg = Debug|Any CPU
		{50155485-B107-494B-A286-4607F81F85F6}.Debug|Any CPU.Build.0 = Debug|Any CPU
		{50155485-B107-494B-A286-4607F81F85F6}.Release|Any CPU.ActiveCfg = Release|Any CPU
		{50155485-B107-494B-A286-4607F81F85F6}.Release|Any CPU.Build.0 = Release|Any CPU
		{7E159DB2-65F2-4713-8289-22F0A34BCB0B}.Debug|Any CPU.ActiveCfg = Debug|Any CPU
		{7E159DB2-65F2-4713-8289-22F0A34BCB0B}.Debug|Any CPU.Build.0 = Debug|Any CPU
		{7E159DB2-65F2-4713-8289-22F0A34BCB0B}.Release|Any CPU.ActiveCfg = Release|Any CPU
		{7E159DB2-65F2-4713-8289-22F0A34BCB0B}.Release|Any CPU.Build.0 = Release|Any CPU
		{FBDAAD92-2E23-4C73-BDE9-F6FA7A21B293}.Debug|Any CPU.ActiveCfg = Debug|Any CPU
		{FBDAAD92-2E23-4C73-BDE9-F6FA7A21B293}.Debug|Any CPU.Build.0 = Debug|Any CPU
		{FBDAAD92-2E23-4C73-BDE9-F6FA7A21B293}.Release|Any CPU.ActiveCfg = Release|Any CPU
		{FBDAAD92-2E23-4C73-BDE9-F6FA7A21B293}.Release|Any CPU.Build.0 = Release|Any CPU
		{5E1A8EF6-B600-4DD1-9DC8-A91AD888D539}.Debug|Any CPU.ActiveCfg = Debug|Any CPU
		{5E1A8EF6-B600-4DD1-9DC8-A91AD888D539}.Debug|Any CPU.Build.0 = Debug|Any CPU
		{5E1A8EF6-B600-4DD1-9DC8-A91AD888D539}.Release|Any CPU.ActiveCfg = Release|Any CPU
		{5E1A8EF6-B600-4DD1-9DC8-A91AD888D539}.Release|Any CPU.Build.0 = Release|Any CPU
		{F131F71F-83DC-4019-95FF-D740595DA3EE}.Debug|Any CPU.ActiveCfg = Debug|Any CPU
		{F131F71F-83DC-4019-95FF-D740595DA3EE}.Debug|Any CPU.Build.0 = Debug|Any CPU
		{F131F71F-83DC-4019-95FF-D740595DA3EE}.Release|Any CPU.ActiveCfg = Release|Any CPU
		{F131F71F-83DC-4019-95FF-D740595DA3EE}.Release|Any CPU.Build.0 = Release|Any CPU
		{ACB6A9AA-30F7-40E5-8617-0E6438C78B8D}.Debug|Any CPU.ActiveCfg = Debug|Any CPU
		{ACB6A9AA-30F7-40E5-8617-0E6438C78B8D}.Debug|Any CPU.Build.0 = Debug|Any CPU
		{ACB6A9AA-30F7-40E5-8617-0E6438C78B8D}.Release|Any CPU.ActiveCfg = Release|Any CPU
		{ACB6A9AA-30F7-40E5-8617-0E6438C78B8D}.Release|Any CPU.Build.0 = Release|Any CPU
		{9FAB0F5F-31E6-4C91-B97D-E45D24B35E3C}.Debug|Any CPU.ActiveCfg = Debug|Any CPU
		{9FAB0F5F-31E6-4C91-B97D-E45D24B35E3C}.Debug|Any CPU.Build.0 = Debug|Any CPU
		{9FAB0F5F-31E6-4C91-B97D-E45D24B35E3C}.Release|Any CPU.ActiveCfg = Release|Any CPU
		{9FAB0F5F-31E6-4C91-B97D-E45D24B35E3C}.Release|Any CPU.Build.0 = Release|Any CPU
		{0F48E5D1-3504-42F9-9F69-6D214E178612}.Debug|Any CPU.ActiveCfg = Debug|Any CPU
		{0F48E5D1-3504-42F9-9F69-6D214E178612}.Debug|Any CPU.Build.0 = Debug|Any CPU
		{0F48E5D1-3504-42F9-9F69-6D214E178612}.Release|Any CPU.ActiveCfg = Release|Any CPU
		{0F48E5D1-3504-42F9-9F69-6D214E178612}.Release|Any CPU.Build.0 = Release|Any CPU
		{3561E1B0-8BF6-4187-A581-1B0801168CDD}.Debug|Any CPU.ActiveCfg = Debug|Any CPU
		{3561E1B0-8BF6-4187-A581-1B0801168CDD}.Debug|Any CPU.Build.0 = Debug|Any CPU
		{3561E1B0-8BF6-4187-A581-1B0801168CDD}.Release|Any CPU.ActiveCfg = Release|Any CPU
		{3561E1B0-8BF6-4187-A581-1B0801168CDD}.Release|Any CPU.Build.0 = Release|Any CPU
		{3FF2D397-D4BD-4A97-AA2B-6014BF32D70C}.Debug|Any CPU.ActiveCfg = Debug|Any CPU
		{3FF2D397-D4BD-4A97-AA2B-6014BF32D70C}.Debug|Any CPU.Build.0 = Debug|Any CPU
		{3FF2D397-D4BD-4A97-AA2B-6014BF32D70C}.Release|Any CPU.ActiveCfg = Release|Any CPU
		{3FF2D397-D4BD-4A97-AA2B-6014BF32D70C}.Release|Any CPU.Build.0 = Release|Any CPU
		{D338F445-9284-4B3B-8675-63318B380A9A}.Debug|Any CPU.ActiveCfg = Debug|Any CPU
		{D338F445-9284-4B3B-8675-63318B380A9A}.Debug|Any CPU.Build.0 = Debug|Any CPU
		{D338F445-9284-4B3B-8675-63318B380A9A}.Release|Any CPU.ActiveCfg = Release|Any CPU
		{D338F445-9284-4B3B-8675-63318B380A9A}.Release|Any CPU.Build.0 = Release|Any CPU
		{D6C3B262-B91D-42F1-9B91-45E73BB6CB63}.Debug|Any CPU.ActiveCfg = Debug|Any CPU
		{D6C3B262-B91D-42F1-9B91-45E73BB6CB63}.Debug|Any CPU.Build.0 = Debug|Any CPU
		{D6C3B262-B91D-42F1-9B91-45E73BB6CB63}.Release|Any CPU.ActiveCfg = Release|Any CPU
		{D6C3B262-B91D-42F1-9B91-45E73BB6CB63}.Release|Any CPU.Build.0 = Release|Any CPU
		{F989F68F-3023-4DE9-9CA7-E02B0425B8A3}.Debug|Any CPU.ActiveCfg = Debug|Any CPU
		{F989F68F-3023-4DE9-9CA7-E02B0425B8A3}.Debug|Any CPU.Build.0 = Debug|Any CPU
		{F989F68F-3023-4DE9-9CA7-E02B0425B8A3}.Release|Any CPU.ActiveCfg = Release|Any CPU
		{F989F68F-3023-4DE9-9CA7-E02B0425B8A3}.Release|Any CPU.Build.0 = Release|Any CPU
		{DCAA1096-AA1D-4A70-9B14-77EE7714E12A}.Debug|Any CPU.ActiveCfg = Debug|Any CPU
		{DCAA1096-AA1D-4A70-9B14-77EE7714E12A}.Debug|Any CPU.Build.0 = Debug|Any CPU
		{DCAA1096-AA1D-4A70-9B14-77EE7714E12A}.Release|Any CPU.ActiveCfg = Release|Any CPU
		{DCAA1096-AA1D-4A70-9B14-77EE7714E12A}.Release|Any CPU.Build.0 = Release|Any CPU
		{DBEA1849-491F-49A8-9F08-F369A1B8F428}.Debug|Any CPU.ActiveCfg = Debug|Any CPU
		{DBEA1849-491F-49A8-9F08-F369A1B8F428}.Debug|Any CPU.Build.0 = Debug|Any CPU
		{DBEA1849-491F-49A8-9F08-F369A1B8F428}.Release|Any CPU.ActiveCfg = Release|Any CPU
		{DBEA1849-491F-49A8-9F08-F369A1B8F428}.Release|Any CPU.Build.0 = Release|Any CPU
		{E721B72A-3C32-4A0D-BB03-E4EB1756AAFE}.Debug|Any CPU.ActiveCfg = Debug|Any CPU
		{E721B72A-3C32-4A0D-BB03-E4EB1756AAFE}.Debug|Any CPU.Build.0 = Debug|Any CPU
		{E721B72A-3C32-4A0D-BB03-E4EB1756AAFE}.Release|Any CPU.ActiveCfg = Release|Any CPU
		{E721B72A-3C32-4A0D-BB03-E4EB1756AAFE}.Release|Any CPU.Build.0 = Release|Any CPU
		{13B34040-A1CC-49F9-ABFD-38F39664CF9F}.Debug|Any CPU.ActiveCfg = Debug|Any CPU
		{13B34040-A1CC-49F9-ABFD-38F39664CF9F}.Debug|Any CPU.Build.0 = Debug|Any CPU
		{13B34040-A1CC-49F9-ABFD-38F39664CF9F}.Release|Any CPU.ActiveCfg = Release|Any CPU
		{13B34040-A1CC-49F9-ABFD-38F39664CF9F}.Release|Any CPU.Build.0 = Release|Any CPU
		{B0030411-D30A-46E3-A247-EEEAF268D178}.Debug|Any CPU.ActiveCfg = Debug|Any CPU
		{B0030411-D30A-46E3-A247-EEEAF268D178}.Debug|Any CPU.Build.0 = Debug|Any CPU
		{B0030411-D30A-46E3-A247-EEEAF268D178}.Release|Any CPU.ActiveCfg = Release|Any CPU
		{B0030411-D30A-46E3-A247-EEEAF268D178}.Release|Any CPU.Build.0 = Release|Any CPU
		{EE07E3ED-6822-4CFD-898B-F07C524A585D}.Debug|Any CPU.ActiveCfg = Debug|Any CPU
		{EE07E3ED-6822-4CFD-898B-F07C524A585D}.Debug|Any CPU.Build.0 = Debug|Any CPU
		{EE07E3ED-6822-4CFD-898B-F07C524A585D}.Release|Any CPU.ActiveCfg = Release|Any CPU
		{EE07E3ED-6822-4CFD-898B-F07C524A585D}.Release|Any CPU.Build.0 = Release|Any CPU
		{23931D6F-D0A7-45FF-B238-EF392015B55C}.Debug|Any CPU.ActiveCfg = Debug|Any CPU
		{23931D6F-D0A7-45FF-B238-EF392015B55C}.Debug|Any CPU.Build.0 = Debug|Any CPU
		{23931D6F-D0A7-45FF-B238-EF392015B55C}.Release|Any CPU.ActiveCfg = Release|Any CPU
		{23931D6F-D0A7-45FF-B238-EF392015B55C}.Release|Any CPU.Build.0 = Release|Any CPU
		{430A1ADD-4583-459F-879C-A22A61E44A3B}.Debug|Any CPU.ActiveCfg = Debug|Any CPU
		{430A1ADD-4583-459F-879C-A22A61E44A3B}.Debug|Any CPU.Build.0 = Debug|Any CPU
		{430A1ADD-4583-459F-879C-A22A61E44A3B}.Release|Any CPU.ActiveCfg = Release|Any CPU
		{430A1ADD-4583-459F-879C-A22A61E44A3B}.Release|Any CPU.Build.0 = Release|Any CPU
		{CC70142F-F75B-4F10-83F8-E785BCB15029}.Debug|Any CPU.ActiveCfg = Debug|Any CPU
		{CC70142F-F75B-4F10-83F8-E785BCB15029}.Debug|Any CPU.Build.0 = Debug|Any CPU
		{CC70142F-F75B-4F10-83F8-E785BCB15029}.Release|Any CPU.ActiveCfg = Release|Any CPU
		{CC70142F-F75B-4F10-83F8-E785BCB15029}.Release|Any CPU.Build.0 = Release|Any CPU
	EndGlobalSection
	GlobalSection(SolutionProperties) = preSolution
		HideSolutionNode = FALSE
	EndGlobalSection
	GlobalSection(NestedProjects) = preSolution
		{1AC38F52-AC2C-4F54-B2F9-0B065D946233} = {481AF8E8-7EF0-474E-A12A-566420FAC699}
		{22F091F3-C31D-488A-A423-6FCC94924D6C} = {481AF8E8-7EF0-474E-A12A-566420FAC699}
		{1FFEF41A-DB53-4353-AE78-15E128F72B8F} = {481AF8E8-7EF0-474E-A12A-566420FAC699}
		{58EDC0E7-C978-498B-855D-3461D75E0CA7} = {481AF8E8-7EF0-474E-A12A-566420FAC699}
		{AB4B1AB1-1552-494E-B0CC-306E12C8B8D9} = {481AF8E8-7EF0-474E-A12A-566420FAC699}
		{8A7673AF-1986-4D07-A168-03775F4EED76} = {1AFC370C-1EBB-4895-A5F3-ADCD359F2DB8}
		{748A95EC-BC8C-4E46-A531-6195CAA94C35} = {1AFC370C-1EBB-4895-A5F3-ADCD359F2DB8}
		{50155485-B107-494B-A286-4607F81F85F6} = {1AFC370C-1EBB-4895-A5F3-ADCD359F2DB8}
		{7E159DB2-65F2-4713-8289-22F0A34BCB0B} = {481AF8E8-7EF0-474E-A12A-566420FAC699}
		{FBDAAD92-2E23-4C73-BDE9-F6FA7A21B293} = {481AF8E8-7EF0-474E-A12A-566420FAC699}
		{5E1A8EF6-B600-4DD1-9DC8-A91AD888D539} = {1AFC370C-1EBB-4895-A5F3-ADCD359F2DB8}
		{F131F71F-83DC-4019-95FF-D740595DA3EE} = {BD9EC98E-7B02-4310-B29B-639E7C6DFBF6}
		{ACB6A9AA-30F7-40E5-8617-0E6438C78B8D} = {481AF8E8-7EF0-474E-A12A-566420FAC699}
		{9FAB0F5F-31E6-4C91-B97D-E45D24B35E3C} = {1AFC370C-1EBB-4895-A5F3-ADCD359F2DB8}
		{0F48E5D1-3504-42F9-9F69-6D214E178612} = {1AFC370C-1EBB-4895-A5F3-ADCD359F2DB8}
		{3561E1B0-8BF6-4187-A581-1B0801168CDD} = {51FCCE92-3B5D-4764-BDAC-BAA4624C5335}
		{3FF2D397-D4BD-4A97-AA2B-6014BF32D70C} = {481AF8E8-7EF0-474E-A12A-566420FAC699}
		{D338F445-9284-4B3B-8675-63318B380A9A} = {1AFC370C-1EBB-4895-A5F3-ADCD359F2DB8}
		{D6C3B262-B91D-42F1-9B91-45E73BB6CB63} = {1AFC370C-1EBB-4895-A5F3-ADCD359F2DB8}
		{F989F68F-3023-4DE9-9CA7-E02B0425B8A3} = {1AFC370C-1EBB-4895-A5F3-ADCD359F2DB8}
		{DCAA1096-AA1D-4A70-9B14-77EE7714E12A} = {481AF8E8-7EF0-474E-A12A-566420FAC699}
		{DBEA1849-491F-49A8-9F08-F369A1B8F428} = {1AFC370C-1EBB-4895-A5F3-ADCD359F2DB8}
		{E721B72A-3C32-4A0D-BB03-E4EB1756AAFE} = {481AF8E8-7EF0-474E-A12A-566420FAC699}
		{13B34040-A1CC-49F9-ABFD-38F39664CF9F} = {481AF8E8-7EF0-474E-A12A-566420FAC699}
		{B0030411-D30A-46E3-A247-EEEAF268D178} = {481AF8E8-7EF0-474E-A12A-566420FAC699}
		{EE07E3ED-6822-4CFD-898B-F07C524A585D} = {1AFC370C-1EBB-4895-A5F3-ADCD359F2DB8}
		{430A1ADD-4583-459F-879C-A22A61E44A3B} = {481AF8E8-7EF0-474E-A12A-566420FAC699}
		{CC70142F-F75B-4F10-83F8-E785BCB15029} = {1AFC370C-1EBB-4895-A5F3-ADCD359F2DB8}
		{23931D6F-D0A7-45FF-B238-EF392015B55C} = {481AF8E8-7EF0-474E-A12A-566420FAC699}
	EndGlobalSection
EndGlobal
